<?xml version="1.0" encoding="utf-8"?>
<Project ToolsVersion="4.0" xmlns="http://schemas.microsoft.com/developer/msbuild/2003">
  <ItemGroup>
    <ClCompile Include="App.cpp" />
    <ClCompile Include="Engine\Engine.cpp">
      <Filter>Engine</Filter>
    </ClCompile>
    <ClCompile Include="Engine\Core\Graphics.cpp">
      <Filter>Engine\Core</Filter>
    </ClCompile>
    <ClCompile Include="Engine\Core\Input.cpp">
      <Filter>Engine\Core</Filter>
    </ClCompile>
    <ClCompile Include="Engine\Core\Window.cpp">
      <Filter>Engine\Core</Filter>
    </ClCompile>
    <ClCompile Include="Engine\Core\D3DFactory.cpp">
      <Filter>Engine\Core</Filter>
    </ClCompile>
    <ClCompile Include="Engine\Core\D3DPipeline.cpp">
      <Filter>Engine\Core</Filter>
    </ClCompile>
    <ClCompile Include="Engine\Assets\Mesh.cpp">
      <Filter>Engine\Assets</Filter>
    </ClCompile>
  </ItemGroup>
  <ItemGroup>
    <Filter Include="Engine">
      <UniqueIdentifier>{a6b8ec1d-873f-4f53-b47d-745da4313772}</UniqueIdentifier>
    </Filter>
    <Filter Include="Engine\Core">
      <UniqueIdentifier>{55d28e06-4801-4fc6-a00b-87a4053f35e5}</UniqueIdentifier>
    </Filter>
    <Filter Include="Engine\Shaders">
      <UniqueIdentifier>{e27e1736-b6a2-4dde-b6aa-fcc871abdd20}</UniqueIdentifier>
    </Filter>
    <Filter Include="Engine\Assets">
      <UniqueIdentifier>{5c2410f1-5763-48c5-ad3b-59369457a78f}</UniqueIdentifier>
    </Filter>
  </ItemGroup>
  <ItemGroup>
    <ClInclude Include="Engine\Engine.h">
      <Filter>Engine</Filter>
    </ClInclude>
    <ClInclude Include="Engine\Core\Graphics.h">
      <Filter>Engine\Core</Filter>
    </ClInclude>
    <ClInclude Include="Engine\Core\Input.h">
      <Filter>Engine\Core</Filter>
    </ClInclude>
    <ClInclude Include="Engine\Core\Window.h">
      <Filter>Engine\Core</Filter>
    </ClInclude>
    <ClInclude Include="Engine\Core\D3DFactory.h">
      <Filter>Engine\Core</Filter>
    </ClInclude>
    <ClInclude Include="Engine\Core\D3DPipeline.h">
      <Filter>Engine\Core</Filter>
    </ClInclude>
    <ClInclude Include="Engine\Assets\Mesh.h">
      <Filter>Engine\Assets</Filter>
    </ClInclude>
  </ItemGroup>
  <ItemGroup>
    <FxCompile Include="Engine\Shaders\PixelShader.hlsl">
      <Filter>Engine\Shaders</Filter>
    </FxCompile>
    <FxCompile Include="Engine\Shaders\VertexShader.hlsl">
      <Filter>Engine\Shaders</Filter>
    </FxCompile>
  </ItemGroup>
</Project>